
Microsoft Visual Studio Solution File, Format Version 12.00
# Visual Studio Version 17
VisualStudioVersion = 17.2.32602.215
MinimumVisualStudioVersion = 10.0.40219.1
Project("{FAE04EC0-301F-11D3-BF4B-00C04F79EFBC}") = "ARMDataManager", "ARMDataManager\ARMDataManager.csproj", "{ED68CB78-C485-46B4-A349-7E3F4C629D33}"
EndProject
Project("{00D1A9C2-B5F0-4AF3-8072-F6C62B433612}") = "ARMData", "ARMData\ARMData.sqlproj", "{17BF8CFA-2FF0-4C97-AE81-2EEF387CBA95}"
EndProject
Project("{FAE04EC0-301F-11D3-BF4B-00C04F79EFBC}") = "ARMDesktopUI", "ARMDesktopUI\ARMDesktopUI.csproj", "{5E27C79D-71BA-4B23-9367-4DCEADC3070E}"
EndProject
Project("{FAE04EC0-301F-11D3-BF4B-00C04F79EFBC}") = "ARMDataManager.Library", "ARMDataManager.Library\ARMDataManager.Library.csproj", "{E2901715-4452-4812-BDB8-FA79A56A8A11}"
EndProject
Project("{FAE04EC0-301F-11D3-BF4B-00C04F79EFBC}") = "ARMDesktopUI.Library", "ARMDesktopUI.Library\ARMDesktopUI.Library.csproj", "{D3E068C3-ED92-4CFC-80D9-A108499205A1}"
EndProject
Project("{2150E333-8FDC-42A3-9474-1A3956D46DE8}") = "Database", "Database", "{5E074C6E-7A03-4D6B-AC06-FE06B25AFAAE}"
EndProject
Project("{2150E333-8FDC-42A3-9474-1A3956D46DE8}") = "API", "API", "{09354D40-90ED-4668-ADB9-8F8D8733BAEA}"
EndProject
Project("{2150E333-8FDC-42A3-9474-1A3956D46DE8}") = "WPF", "WPF", "{EA241B8A-9E45-4746-A091-EEC548612537}"
EndProject
Project("{FAE04EC0-301F-11D3-BF4B-00C04F79EFBC}") = "ARMApi", "ARMApi\ARMApi.csproj", "{0D9452A4-4E6E-4424-99BF-0E958ED72748}"
EndProject
Global
	GlobalSection(SolutionConfigurationPlatforms) = preSolution
		Debug|Any CPU = Debug|Any CPU
		Release|Any CPU = Release|Any CPU
	EndGlobalSection
	GlobalSection(ProjectConfigurationPlatforms) = postSolution
		{ED68CB78-C485-46B4-A349-7E3F4C629D33}.Debug|Any CPU.ActiveCfg = Debug|Any CPU
		{ED68CB78-C485-46B4-A349-7E3F4C629D33}.Debug|Any CPU.Build.0 = Debug|Any CPU
		{ED68CB78-C485-46B4-A349-7E3F4C629D33}.Release|Any CPU.ActiveCfg = Release|Any CPU
		{ED68CB78-C485-46B4-A349-7E3F4C629D33}.Release|Any CPU.Build.0 = Release|Any CPU
		{17BF8CFA-2FF0-4C97-AE81-2EEF387CBA95}.Debug|Any CPU.ActiveCfg = Debug|Any CPU
		{17BF8CFA-2FF0-4C97-AE81-2EEF387CBA95}.Debug|Any CPU.Build.0 = Debug|Any CPU
		{17BF8CFA-2FF0-4C97-AE81-2EEF387CBA95}.Debug|Any CPU.Deploy.0 = Debug|Any CPU
		{17BF8CFA-2FF0-4C97-AE81-2EEF387CBA95}.Release|Any CPU.ActiveCfg = Release|Any CPU
		{17BF8CFA-2FF0-4C97-AE81-2EEF387CBA95}.Release|Any CPU.Build.0 = Release|Any CPU
		{17BF8CFA-2FF0-4C97-AE81-2EEF387CBA95}.Release|Any CPU.Deploy.0 = Release|Any CPU
		{5E27C79D-71BA-4B23-9367-4DCEADC3070E}.Debug|Any CPU.ActiveCfg = Debug|Any CPU
		{5E27C79D-71BA-4B23-9367-4DCEADC3070E}.Debug|Any CPU.Build.0 = Debug|Any CPU
		{5E27C79D-71BA-4B23-9367-4DCEADC3070E}.Release|Any CPU.ActiveCfg = Release|Any CPU
		{5E27C79D-71BA-4B23-9367-4DCEADC3070E}.Release|Any CPU.Build.0 = Release|Any CPU
		{E2901715-4452-4812-BDB8-FA79A56A8A11}.Debug|Any CPU.ActiveCfg = Debug|Any CPU
		{E2901715-4452-4812-BDB8-FA79A56A8A11}.Debug|Any CPU.Build.0 = Debug|Any CPU
		{E2901715-4452-4812-BDB8-FA79A56A8A11}.Release|Any CPU.ActiveCfg = Release|Any CPU
		{E2901715-4452-4812-BDB8-FA79A56A8A11}.Release|Any CPU.Build.0 = Release|Any CPU
		{D3E068C3-ED92-4CFC-80D9-A108499205A1}.Debug|Any CPU.ActiveCfg = Debug|Any CPU
		{D3E068C3-ED92-4CFC-80D9-A108499205A1}.Debug|Any CPU.Build.0 = Debug|Any CPU
		{D3E068C3-ED92-4CFC-80D9-A108499205A1}.Release|Any CPU.ActiveCfg = Release|Any CPU
		{D3E068C3-ED92-4CFC-80D9-A108499205A1}.Release|Any CPU.Build.0 = Release|Any CPU
		{0D9452A4-4E6E-4424-99BF-0E958ED72748}.Debug|Any CPU.ActiveCfg = Debug|Any CPU
		{0D9452A4-4E6E-4424-99BF-0E958ED72748}.Debug|Any CPU.Build.0 = Debug|Any CPU
		{0D9452A4-4E6E-4424-99BF-0E958ED72748}.Release|Any CPU.ActiveCfg = Release|Any CPU
		{0D9452A4-4E6E-4424-99BF-0E958ED72748}.Release|Any CPU.Build.0 = Release|Any CPU
	EndGlobalSection
	GlobalSection(SolutionProperties) = preSolution
		HideSolutionNode = FALSE
	EndGlobalSection
	GlobalSection(NestedProjects) = preSolution
		{ED68CB78-C485-46B4-A349-7E3F4C629D33} = {09354D40-90ED-4668-ADB9-8F8D8733BAEA}
		{17BF8CFA-2FF0-4C97-AE81-2EEF387CBA95} = {5E074C6E-7A03-4D6B-AC06-FE06B25AFAAE}
		{5E27C79D-71BA-4B23-9367-4DCEADC3070E} = {EA241B8A-9E45-4746-A091-EEC548612537}
		{E2901715-4452-4812-BDB8-FA79A56A8A11} = {09354D40-90ED-4668-ADB9-8F8D8733BAEA}
		{D3E068C3-ED92-4CFC-80D9-A108499205A1} = {EA241B8A-9E45-4746-A091-EEC548612537}
		{0D9452A4-4E6E-4424-99BF-0E958ED72748} = {09354D40-90ED-4668-ADB9-8F8D8733BAEA}
	EndGlobalSection
	GlobalSection(ExtensibilityGlobals) = postSolution
		SolutionGuid = {2D464AAC-8CFE-41B4-941D-CA5F05538293}
	EndGlobalSection
EndGlobal
